
Microsoft Visual Studio Solution File, Format Version 12.00
# Visual Studio Version 16
VisualStudioVersion = 16.0.30204.135
MinimumVisualStudioVersion = 10.0.40219.1
Project("{8BC9CEB8-8B4A-11D0-8D11-00A0C91BC942}") = "MotorOnOffSwitch", "MotorOnOffSwitch\MotorOnOffSwitch.vcxproj", "{01F7944D-74EC-4089-A648-8D247CF692B8}"
EndProject
Project("{8BC9CEB8-8B4A-11D0-8D11-00A0C91BC942}") = "Camera", "Camera\Camera.vcxproj", "{AAA32E4C-0C85-48B2-BAC0-826A0B37EBFF}"
EndProject
Project("{8BC9CEB8-8B4A-11D0-8D11-00A0C91BC942}") = "Jpeg", "Jpeg\Jpeg.vcxproj", "{30D20558-4191-42F9-8833-3313840DCF49}"
EndProject
Project("{8BC9CEB8-8B4A-11D0-8D11-00A0C91BC942}") = "TestProj02", "TestProj02\TestProj02.vcxproj", "{A8640603-21DE-48DF-B3C0-633ED02F0F72}"
EndProject
Global
	GlobalSection(SolutionConfigurationPlatforms) = preSolution
		Debug|Win32 = Debug|Win32
		Release|Win32 = Release|Win32
	EndGlobalSection
	GlobalSection(ProjectConfigurationPlatforms) = postSolution
		{01F7944D-74EC-4089-A648-8D247CF692B8}.Debug|Win32.ActiveCfg = Debug|Win32
		{01F7944D-74EC-4089-A648-8D247CF692B8}.Debug|Win32.Build.0 = Debug|Win32
		{01F7944D-74EC-4089-A648-8D247CF692B8}.Release|Win32.ActiveCfg = Release|Win32
		{01F7944D-74EC-4089-A648-8D247CF692B8}.Release|Win32.Build.0 = Release|Win32
		{AAA32E4C-0C85-48B2-BAC0-826A0B37EBFF}.Debug|Win32.ActiveCfg = Debug|Win32
		{AAA32E4C-0C85-48B2-BAC0-826A0B37EBFF}.Debug|Win32.Build.0 = Debug|Win32
		{AAA32E4C-0C85-48B2-BAC0-826A0B37EBFF}.Release|Win32.ActiveCfg = Release|Win32
		{AAA32E4C-0C85-48B2-BAC0-826A0B37EBFF}.Release|Win32.Build.0 = Release|Win32
		{30D20558-4191-42F9-8833-3313840DCF49}.Debug|Win32.ActiveCfg = Debug|Win32
		{30D20558-4191-42F9-8833-3313840DCF49}.Debug|Win32.Build.0 = Debug|Win32
		{30D20558-4191-42F9-8833-3313840DCF49}.Release|Win32.ActiveCfg = Release|Win32
		{30D20558-4191-42F9-8833-3313840DCF49}.Release|Win32.Build.0 = Release|Win32
		{A8640603-21DE-48DF-B3C0-633ED02F0F72}.Debug|Win32.ActiveCfg = Debug|Win32
		{A8640603-21DE-48DF-B3C0-633ED02F0F72}.Debug|Win32.Build.0 = Debug|Win32
		{A8640603-21DE-48DF-B3C0-633ED02F0F72}.Release|Win32.ActiveCfg = Release|Win32
		{A8640603-21DE-48DF-B3C0-633ED02F0F72}.Release|Win32.Build.0 = Release|Win32
	EndGlobalSection
	GlobalSection(SolutionProperties) = preSolution
		HideSolutionNode = FALSE
	EndGlobalSection
	GlobalSection(ExtensibilityGlobals) = postSolution
		SolutionGuid = {B9471D74-B828-4D57-86B1-6C555917CFE5}
	EndGlobalSection
EndGlobal
